{
  "version": 4,
  "terraform_version": "1.11.2",
  "serial": 9,
  "lineage": "dac674ed-922e-eb05-892e-2760c29e33df",
  "outputs": {},
  "resources": [
    {
      "mode": "managed",
      "type": "local_file",
      "name": "games",
      "provider": "provider[\"registry.terraform.io/hashicorp/local\"]",
      "instances": [
        {
          "schema_version": 0,
          "attributes": {
            "content": "I love GTA5",
            "content_base64": null,
            "content_base64sha256": "L6WLtXqa3Shm4T/vif3P7xIklVIITd7RKj+5NtV4NZ4=",
            "content_base64sha512": "BE4ZABxaVgq07FWmo6eiV/qb5mfxPr/9CKAZO/HhsUlmck04JVDOLEjF2nFL3Ip0wfn7/Ee74W6o5t2R+aKsTQ==",
            "content_md5": "23cf6850a978657130e4b43b4d7cb99e",
            "content_sha1": "e592e9e5f70ca87763822a43a3ae8c87cb832449",
            "content_sha256": "2fa58bb57a9add2866e13fef89fdcfef12249552084dded12a3fb936d578359e",
            "content_sha512": "044e19001c5a560ab4ec55a6a3a7a257fa9be667f13ebffd08a0193bf1e1b14966724d382550ce2c48c5da714bdc8a74c1f9fbfc47bbe16ea8e6dd91f9a2ac4d",
            "directory_permission": "0777",
            "file_permission": "0777",
            "filename": "/home/light/terraform/random_pet/games.txt",
            "id": "e592e9e5f70ca87763822a43a3ae8c87cb832449",
            "sensitive_content": null,
            "source": null
          },
          "sensitive_attributes": [
            [
              {
                "type": "get_attr",
                "value": "sensitive_content"
              }
            ]
          ]
        }
      ]
    },
    {
      "mode": "managed",
      "type": "random_pet",
      "name": "pet",
      "provider": "provider[\"registry.terraform.io/hashicorp/random\"]",
      "instances": [
        {
          "schema_version": 0,
          "attributes": {
            "id": "Mr.collie",
            "keepers": null,
            "length": 1,
            "prefix": "Mr",
            "separator": "."
          },
          "sensitive_attributes": []
        }
      ]
    }
  ],
  "check_results": null
}
